schema: '2.0'
stages:
  data_ingestion:
    cmd: python src/cnnClassifier/pipeline/stage_01_data_ingestion.py
    deps:
    - path: config/config.yaml
      hash: md5
      md5: 8dd85108b5adba05d0e6188585620a05
      size: 615
    - path: src/cnnClassifier/pipeline/stage_01_data_ingestion.py
      hash: md5
      md5: ee8a104c8cbb243a9631f221aa955a25
      size: 902
    outs:
    - path: artifacts/data_ingestion/CT-KIDNEY-DATASET-Normal-Cyst-Tumor-Stone
      hash: md5
      md5: 01636ab92c9d84a2dd648984af5dbddf.dir
      size: 1663086237
      nfiles: 12447
  prepare_base_model:
    cmd: python src/cnnClassifier/pipeline/stage_02_prepare_base_model.py
    deps:
    - path: config/config.yaml
      hash: md5
      md5: 8dd85108b5adba05d0e6188585620a05
      size: 615
    - path: src/cnnClassifier/pipeline/stage_02_prepare_base_model.py
      hash: md5
      md5: 03e2ddf2160aa6a8672fc092ade27189
      size: 991
    params:
      params.yaml:
        CLASSES: 4
        IMAGE_SIZE:
        - 224
        - 224
        - 3
        INCLUDE_TOP: false
        LEARNING_RATE: 0.01
        WEIGHTS: imagenet
    outs:
    - path: artifacts/prepare_base_model
      hash: md5
      md5: 8edcbfc409db3a963052acae0d6a412a.dir
      size: 118254072
      nfiles: 2
  training:
    cmd: python src/cnnClassifier/pipeline/stage_03_model_training.py
    deps:
    - path: artifacts/data_ingestion/CT-KIDNEY-DATASET-Normal-Cyst-Tumor-Stone
      hash: md5
      md5: 01636ab92c9d84a2dd648984af5dbddf.dir
      size: 1663086237
      nfiles: 12447
    - path: artifacts/prepare_base_model
      hash: md5
      md5: 8edcbfc409db3a963052acae0d6a412a.dir
      size: 118254072
      nfiles: 2
    - path: config/config.yaml
      hash: md5
      md5: 8dd85108b5adba05d0e6188585620a05
      size: 615
    - path: src/cnnClassifier/pipeline/stage_03_model_training.py
      hash: md5
      md5: 07bd59285ed522cdcea906147077c810
      size: 905
    params:
      params.yaml:
        AUGMENTATION: true
        BATCH_SIZE: 32
        EPOCHS: 100
        IMAGE_SIZE:
        - 224
        - 224
        - 3
    outs:
    - path: artifacts/training/model.h5
      hash: md5
      md5: 459f7c01eb84695575ba38c008ae9fb6
      size: 59335840
  evaluation:
    cmd: python src/cnnClassifier/pipeline/stage_04_model_evaluation.py
    deps:
    - path: artifacts/data_ingestion/CT-KIDNEY-DATASET-Normal-Cyst-Tumor-Stone
      hash: md5
      md5: 01636ab92c9d84a2dd648984af5dbddf.dir
      size: 1663086237
      nfiles: 12447
    - path: artifacts/training/model.h5
      hash: md5
      md5: 459f7c01eb84695575ba38c008ae9fb6
      size: 59335840
    - path: config/config.yaml
      hash: md5
      md5: 8dd85108b5adba05d0e6188585620a05
      size: 615
    - path: src/cnnClassifier/pipeline/stage_04_model_evaluation.py
      hash: md5
      md5: 3c4f647229fad343ad95cf95c760622b
      size: 924
    params:
      params.yaml:
        BATCH_SIZE: 32
        IMAGE_SIZE:
        - 224
        - 224
        - 3
    outs:
    - path: scores.json
      hash: md5
      md5: 27096f91309ef20a2f3551f899920668
      size: 72
