schema: '2.0'
stages:
  data_ingestion:
    cmd: python src/cnnClassifier/pipeline/stage_01_data_ingestion.py
    deps:
    - path: config/config.yaml
      hash: md5
      md5: f4888d9af734fd028ed86793b85621c0
      size: 1198
    - path: src/cnnClassifier/pipeline/stage_01_data_ingestion.py
      hash: md5
      md5: 2c6ab8528e4d5f79e790d40f038197dc
      size: 2009
    outs:
    - path: artifacts/data_ingestion/CT-KIDNEY-DATASET-Normal-Cyst-Tumor-Stone
      hash: md5
      md5: 01636ab92c9d84a2dd648984af5dbddf.dir
      size: 1663086237
      nfiles: 12447
  prepare_base_model:
    cmd: python src/cnnClassifier/pipeline/stage_02_prepare_base_model.py
    deps:
    - path: config/config.yaml
      hash: md5
      md5: f4888d9af734fd028ed86793b85621c0
      size: 1198
    - path: src/cnnClassifier/pipeline/stage_02_prepare_base_model.py
      hash: md5
      md5: fb6c0e746c2fa57bdecedd7866f9f988
      size: 2299
    params:
      params.yaml:
        CLASSES: 4
        IMAGE_SIZE:
        - 224
        - 224
        - 3
        INCLUDE_TOP: false
        LEARNING_RATE: 0.01
        WEIGHTS: imagenet
    outs:
    - path: artifacts/prepare_base_model
      hash: md5
      md5: 9c28700398a58567a1ad1663f4156034.dir
      size: 212054072
      nfiles: 2
  training:
    cmd: python src/cnnClassifier/pipeline/stage_03_model_training.py
    deps:
    - path: artifacts/data_ingestion/CT-KIDNEY-DATASET-Normal-Cyst-Tumor-Stone
      hash: md5
      md5: 01636ab92c9d84a2dd648984af5dbddf.dir
      size: 1663086237
      nfiles: 12447
    - path: artifacts/prepare_base_model
      hash: md5
      md5: 9c28700398a58567a1ad1663f4156034.dir
      size: 212054072
      nfiles: 2
    - path: config/config.yaml
      hash: md5
      md5: f4888d9af734fd028ed86793b85621c0
      size: 1198
    - path: src/cnnClassifier/pipeline/stage_03_model_training.py
      hash: md5
      md5: fec9ed0fc13dca0eca04cdc5a591ffbf
      size: 2179
    params:
      params.yaml:
        AUGMENTATION: true
        BATCH_SIZE: 32
        EPOCHS: 100
        IMAGE_SIZE:
        - 224
        - 224
        - 3
    outs:
    - path: artifacts/training/model.h5
      hash: md5
      md5: bf8df8d123c19cf00bfbeaf11ab40657
      size: 131887560
  evaluation:
    cmd: python src/cnnClassifier/pipeline/stage_04_model_evaluation.py
    deps:
    - path: artifacts/data_ingestion/CT-KIDNEY-DATASET-Normal-Cyst-Tumor-Stone
      hash: md5
      md5: 01636ab92c9d84a2dd648984af5dbddf.dir
      size: 1663086237
      nfiles: 12447
    - path: artifacts/training/model.h5
      hash: md5
      md5: bf8df8d123c19cf00bfbeaf11ab40657
      size: 131887560
    - path: config/config.yaml
      hash: md5
      md5: f4888d9af734fd028ed86793b85621c0
      size: 1198
    - path: src/cnnClassifier/pipeline/stage_04_model_evaluation.py
      hash: md5
      md5: fef6794d56912fc6aead9e9d3f9d72c6
      size: 2266
    params:
      params.yaml:
        BATCH_SIZE: 32
        IMAGE_SIZE:
        - 224
        - 224
        - 3
    outs:
    - path: scores.json
      hash: md5
      md5: 02c90d83b7a4cceb86f7ff29e2dff226
      size: 73
